
Microsoft Visual Studio Solution File, Format Version 12.00
# Visual Studio Version 17
VisualStudioVersion = 17.8.34330.188
MinimumVisualStudioVersion = 10.0.40219.1
Project("{FAE04EC0-301F-11D3-BF4B-00C04F79EFBC}") = "DieRoller", "DieRoller\DieRoller.csproj", "{011BDD5A-8371-4446-8EBB-DB9D758DDAF2}"
EndProject
Global
	GlobalSection(SolutionConfigurationPlatforms) = preSolution
		Debug|Any CPU = Debug|Any CPU
		Release|Any CPU = Release|Any CPU
	EndGlobalSection
	GlobalSection(ProjectConfigurationPlatforms) = postSolution
		{011BDD5A-8371-4446-8EBB-DB9D758DDAF2}.Debug|Any CPU.ActiveCfg = Debug|Any CPU
		{011BDD5A-8371-4446-8EBB-DB9D758DDAF2}.Debug|Any CPU.Build.0 = Debug|Any CPU
		{011BDD5A-8371-4446-8EBB-DB9D758DDAF2}.Release|Any CPU.ActiveCfg = Release|Any CPU
		{011BDD5A-8371-4446-8EBB-DB9D758DDAF2}.Release|Any CPU.Build.0 = Release|Any CPU
	EndGlobalSection
	GlobalSection(SolutionProperties) = preSolution
		HideSolutionNode = FALSE
	EndGlobalSection
	GlobalSection(ExtensibilityGlobals) = postSolution
		SolutionGuid = {B9B5FBC7-8458-499B-A5C5-99F6F2A16870}
	EndGlobalSection
EndGlobal
